// !$*UTF8*$!
{
	archiveVersion = 1;
	classes = {
	};
	objectVersion = 46;
	objects = {

/* Begin PBXBuildFile section */
		E25171F11918F96E00BBCC44 /* Foundation.framework in Frameworks */ = {isa = PBXBuildFile; fileRef = E25171F01918F96E00BBCC44 /* Foundation.framework */; };
		E25171F31918F96E00BBCC44 /* CoreGraphics.framework in Frameworks */ = {isa = PBXBuildFile; fileRef = E25171F21918F96E00BBCC44 /* CoreGraphics.framework */; };
		E25171F51918F96E00BBCC44 /* UIKit.framework in Frameworks */ = {isa = PBXBuildFile; fileRef = E25171F41918F96E00BBCC44 /* UIKit.framework */; };
		E25171FB1918F96E00BBCC44 /* InfoPlist.strings in Resources */ = {isa = PBXBuildFile; fileRef = E25171F91918F96E00BBCC44 /* InfoPlist.strings */; };
		E25171FD1918F96E00BBCC44 /* main.m in Sources */ = {isa = PBXBuildFile; fileRef = E25171FC1918F96E00BBCC44 /* main.m */; };
		E25172011918F96E00BBCC44 /* AppDelegate.m in Sources */ = {isa = PBXBuildFile; fileRef = E25172001918F96E00BBCC44 /* AppDelegate.m */; };
		E25172041918F96E00BBCC44 /* Main_iPhone.storyboard in Resources */ = {isa = PBXBuildFile; fileRef = E25172021918F96E00BBCC44 /* Main_iPhone.storyboard */; };
		E25172071918F96E00BBCC44 /* Main_iPad.storyboard in Resources */ = {isa = PBXBuildFile; fileRef = E25172051918F96E00BBCC44 /* Main_iPad.storyboard */; };
		E251720A1918F96E00BBCC44 /* ViewController.m in Sources */ = {isa = PBXBuildFile; fileRef = E25172091918F96E00BBCC44 /* ViewController.m */; };
		E251720C1918F96E00BBCC44 /* Images.xcassets in Resources */ = {isa = PBXBuildFile; fileRef = E251720B1918F96E00BBCC44 /* Images.xcassets */; };
		E25172131918F96E00BBCC44 /* XCTest.framework in Frameworks */ = {isa = PBXBuildFile; fileRef = E25172121918F96E00BBCC44 /* XCTest.framework */; };
		E25172141918F96E00BBCC44 /* Foundation.framework in Frameworks */ = {isa = PBXBuildFile; fileRef = E25171F01918F96E00BBCC44 /* Foundation.framework */; };
		E25172151918F96E00BBCC44 /* UIKit.framework in Frameworks */ = {isa = PBXBuildFile; fileRef = E25171F41918F96E00BBCC44 /* UIKit.framework */; };
		E251721D1918F96E00BBCC44 /* InfoPlist.strings in Resources */ = {isa = PBXBuildFile; fileRef = E251721B1918F96E00BBCC44 /* InfoPlist.strings */; };
		E251721F1918F96E00BBCC44 /* HelloWorldTests.m in Sources */ = {isa = PBXBuildFile; fileRef = E251721E1918F96E00BBCC44 /* HelloWorldTests.m */; };
/* End PBXBuildFile section */

/* Begin PBXContainerItemProxy section */
		E25172161918F96E00BBCC44 /* PBXContainerItemProxy */ = {
			isa = PBXContainerItemProxy;
			containerPortal = E25171E51918F96E00BBCC44 /* Project object */;
			proxyType = 1;
			remoteGlobalIDString = E25171EC1918F96E00BBCC44;
			remoteInfo = HelloWorld;
		};
/* End PBXContainerItemProxy section */

/* Begin PBXFileReference section */
		E25171ED1918F96E00BBCC44 /* HelloWorld.app */ = {isa = PBXFileReference; explicitFileType = wrapper.application; includeInIndex = 0; path = HelloWorld.app; sourceTree = BUILT_PRODUCTS_DIR; };
		E25171F01918F96E00BBCC44 /* Foundation.framework */ = {isa = PBXFileReference; lastKnownFileType = wrapper.framework; name = Foundation.framework; path = System/Library/Frameworks/Foundation.framework; sourceTree = SDKROOT; };
		E25171F21918F96E00BBCC44 /* CoreGraphics.framework */ = {isa = PBXFileReference; lastKnownFileType = wrapper.framework; name = CoreGraphics.framework; path = System/Library/Frameworks/CoreGraphics.framework; sourceTree = SDKROOT; };
		E25171F41918F96E00BBCC44 /* UIKit.framework */ = {isa = PBXFileReference; lastKnownFileType = wrapper.framework; name = UIKit.framework; path = System/Library/Frameworks/UIKit.framework; sourceTree = SDKROOT; };
		E25171F81918F96E00BBCC44 /* HelloWorld-Info.plist */ = {isa = PBXFileReference; lastKnownFileType = text.plist.xml; path = "HelloWorld-Info.plist"; sourceTree = "<group>"; };
		E25171FA1918F96E00BBCC44 /* en */ = {isa = PBXFileReference; lastKnownFileType = text.plist.strings; name = en; path = en.lproj/InfoPlist.strings; sourceTree = "<group>"; };
		E25171FC1918F96E00BBCC44 /* main.m */ = {isa = PBXFileReference; lastKnownFileType = sourcecode.c.objc; path = main.m; sourceTree = "<group>"; };
		E25171FE1918F96E00BBCC44 /* HelloWorld-Prefix.pch */ = {isa = PBXFileReference; lastKnownFileType = sourcecode.c.h; path = "HelloWorld-Prefix.pch"; sourceTree = "<group>"; };
		E25171FF1918F96E00BBCC44 /* AppDelegate.h */ = {isa = PBXFileReference; lastKnownFileType = sourcecode.c.h; path = AppDelegate.h; sourceTree = "<group>"; };
		E25172001918F96E00BBCC44 /* AppDelegate.m */ = {isa = PBXFileReference; lastKnownFileType = sourcecode.c.objc; path = AppDelegate.m; sourceTree = "<group>"; };
		E25172031918F96E00BBCC44 /* Base */ = {isa = PBXFileReference; lastKnownFileType = file.storyboard; name = Base; path = Base.lproj/Main_iPhone.storyboard; sourceTree = "<group>"; };
		E25172061918F96E00BBCC44 /* Base */ = {isa = PBXFileReference; lastKnownFileType = file.storyboard; name = Base; path = Base.lproj/Main_iPad.storyboard; sourceTree = "<group>"; };
		E25172081918F96E00BBCC44 /* ViewController.h */ = {isa = PBXFileReference; lastKnownFileType = sourcecode.c.h; path = ViewController.h; sourceTree = "<group>"; };
		E25172091918F96E00BBCC44 /* ViewController.m */ = {isa = PBXFileReference; lastKnownFileType = sourcecode.c.objc; path = ViewController.m; sourceTree = "<group>"; };
		E251720B1918F96E00BBCC44 /* Images.xcassets */ = {isa = PBXFileReference; lastKnownFileType = folder.assetcatalog; path = Images.xcassets; sourceTree = "<group>"; };
		E25172111918F96E00BBCC44 /* HelloWorldTests.xctest */ = {isa = PBXFileReference; explicitFileType = wrapper.cfbundle; includeInIndex = 0; path = HelloWorldTests.xctest; sourceTree = BUILT_PRODUCTS_DIR; };
		E25172121918F96E00BBCC44 /* XCTest.framework */ = {isa = PBXFileReference; lastKnownFileType = wrapper.framework; name = XCTest.framework; path = Library/Frameworks/XCTest.framework; sourceTree = DEVELOPER_DIR; };
		E251721A1918F96E00BBCC44 /* HelloWorldTests-Info.plist */ = {isa = PBXFileReference; lastKnownFileType = text.plist.xml; path = "HelloWorldTests-Info.plist"; sourceTree = "<group>"; };
		E251721C1918F96E00BBCC44 /* en */ = {isa = PBXFileReference; lastKnownFileType = text.plist.strings; name = en; path = en.lproj/InfoPlist.strings; sourceTree = "<group>"; };
		E251721E1918F96E00BBCC44 /* HelloWorldTests.m */ = {isa = PBXFileReference; lastKnownFileType = sourcecode.c.objc; path = HelloWorldTests.m; sourceTree = "<group>"; };
/* End PBXFileReference section */

/* Begin PBXFrameworksBuildPhase section */
		E25171EA1918F96E00BBCC44 /* Frameworks */ = {
			isa = PBXFrameworksBuildPhase;
			buildActionMask = 2147483647;
			files = (
				E25171F31918F96E00BBCC44 /* CoreGraphics.framework in Frameworks */,
				E25171F51918F96E00BBCC44 /* UIKit.framework in Frameworks */,
				E25171F11918F96E00BBCC44 /* Foundation.framework in Frameworks */,
			);
			runOnlyForDeploymentPostprocessing = 0;
		};
		E251720E1918F96E00BBCC44 /* Frameworks */ = {
			isa = PBXFrameworksBuildPhase;
			buildActionMask = 2147483647;
			files = (
				E25172131918F96E00BBCC44 /* XCTest.framework in Frameworks */,
				E25172151918F96E00BBCC44 /* UIKit.framework in Frameworks */,
				E25172141918F96E00BBCC44 /* Foundation.framework in Frameworks */,
			);
			runOnlyForDeploymentPostprocessing = 0;
		};
/* End PBXFrameworksBuildPhase section */

/* Begin PBXGroup section */
		E25171E41918F96E00BBCC44 = {
			isa = PBXGroup;
			children = (
				E25171F61918F96E00BBCC44 /* HelloWorld */,
				E25172181918F96E00BBCC44 /* HelloWorldTests */,
				E25171EF1918F96E00BBCC44 /* Frameworks */,
				E25171EE1918F96E00BBCC44 /* Products */,
			);
			sourceTree = "<group>";
		};
		E25171EE1918F96E00BBCC44 /* Products */ = {
			isa = PBXGroup;
			children = (
				E25171ED1918F96E00BBCC44 /* HelloWorld.app */,
				E25172111918F96E00BBCC44 /* HelloWorldTests.xctest */,
			);
			name = Products;
			sourceTree = "<group>";
		};
		E25171EF1918F96E00BBCC44 /* Frameworks */ = {
			isa = PBXGroup;
			children = (
				E25171F01918F96E00BBCC44 /* Foundation.framework */,
				E25171F21918F96E00BBCC44 /* CoreGraphics.framework */,
				E25171F41918F96E00BBCC44 /* UIKit.framework */,
				E25172121918F96E00BBCC44 /* XCTest.framework */,
			);
			name = Frameworks;
			sourceTree = "<group>";
		};
		E25171F61918F96E00BBCC44 /* HelloWorld */ = {
			isa = PBXGroup;
			children = (
				E25171FF1918F96E00BBCC44 /* AppDelegate.h */,
				E25172001918F96E00BBCC44 /* AppDelegate.m */,
				E25172021918F96E00BBCC44 /* Main_iPhone.storyboard */,
				E25172051918F96E00BBCC44 /* Main_iPad.storyboard */,
				E25172081918F96E00BBCC44 /* ViewController.h */,
				E25172091918F96E00BBCC44 /* ViewController.m */,
				E251720B1918F96E00BBCC44 /* Images.xcassets */,
				E25171F71918F96E00BBCC44 /* Supporting Files */,
			);
			path = HelloWorld;
			sourceTree = "<group>";
		};
		E25171F71918F96E00BBCC44 /* Supporting Files */ = {
			isa = PBXGroup;
			children = (
				E25171F81918F96E00BBCC44 /* HelloWorld-Info.plist */,
				E25171F91918F96E00BBCC44 /* InfoPlist.strings */,
				E25171FC1918F96E00BBCC44 /* main.m */,
				E25171FE1918F96E00BBCC44 /* HelloWorld-Prefix.pch */,
			);
			name = "Supporting Files";
			sourceTree = "<group>";
		};
		E25172181918F96E00BBCC44 /* HelloWorldTests */ = {
			isa = PBXGroup;
			children = (
				E251721E1918F96E00BBCC44 /* HelloWorldTests.m */,
				E25172191918F96E00BBCC44 /* Supporting Files */,
			);
			path = HelloWorldTests;
			sourceTree = "<group>";
		};
		E25172191918F96E00BBCC44 /* Supporting Files */ = {
			isa = PBXGroup;
			children = (
				E251721A1918F96E00BBCC44 /* HelloWorldTests-Info.plist */,
				E251721B1918F96E00BBCC44 /* InfoPlist.strings */,
			);
			name = "Supporting Files";
			sourceTree = "<group>";
		};
/* End PBXGroup section */

/* Begin PBXNativeTarget section */
		E25171EC1918F96E00BBCC44 /* HelloWorld */ = {
			isa = PBXNativeTarget;
			buildConfigurationList = E25172221918F96E00BBCC44 /* Build configuration list for PBXNativeTarget "HelloWorld" */;
			buildPhases = (
				E25171E91918F96E00BBCC44 /* Sources */,
				E25171EA1918F96E00BBCC44 /* Frameworks */,
				E25171EB1918F96E00BBCC44 /* Resources */,
			);
			buildRules = (
			);
			dependencies = (
			);
			name = HelloWorld;
			productName = HelloWorld;
			productReference = E25171ED1918F96E00BBCC44 /* HelloWorld.app */;
			productType = "com.apple.product-type.application";
		};
		E25172101918F96E00BBCC44 /* HelloWorldTests */ = {
			isa = PBXNativeTarget;
			buildConfigurationList = E25172251918F96E00BBCC44 /* Build configuration list for PBXNativeTarget "HelloWorldTests" */;
			buildPhases = (
				E251720D1918F96E00BBCC44 /* Sources */,
				E251720E1918F96E00BBCC44 /* Frameworks */,
				E251720F1918F96E00BBCC44 /* Resources */,
			);
			buildRules = (
			);
			dependencies = (
				E25172171918F96E00BBCC44 /* PBXTargetDependency */,
			);
			name = HelloWorldTests;
			productName = HelloWorldTests;
			productReference = E25172111918F96E00BBCC44 /* HelloWorldTests.xctest */;
			productType = "com.apple.product-type.bundle.unit-test";
		};
/* End PBXNativeTarget section */

/* Begin PBXProject section */
		E25171E51918F96E00BBCC44 /* Project object */ = {
			isa = PBXProject;
			attributes = {
				LastUpgradeCheck = 0510;
				ORGANIZATIONNAME = Ronny;
				TargetAttributes = {
					E25172101918F96E00BBCC44 = {
						TestTargetID = E25171EC1918F96E00BBCC44;
					};
				};
			};
			buildConfigurationList = E25171E81918F96E00BBCC44 /* Build configuration list for PBXProject "HelloWorld" */;
			compatibilityVersion = "Xcode 3.2";
			developmentRegion = English;
			hasScannedForEncodings = 0;
			knownRegions = (
				en,
				Base,
			);
			mainGroup = E25171E41918F96E00BBCC44;
			productRefGroup = E25171EE1918F96E00BBCC44 /* Products */;
			projectDirPath = "";
			projectRoot = "";
			targets = (
				E25171EC1918F96E00BBCC44 /* HelloWorld */,
				E25172101918F96E00BBCC44 /* HelloWorldTests */,
			);
		};
/* End PBXProject section */

/* Begin PBXResourcesBuildPhase section */
		E25171EB1918F96E00BBCC44 /* Resources */ = {
			isa = PBXResourcesBuildPhase;
			buildActionMask = 2147483647;
			files = (
				E25172071918F96E00BBCC44 /* Main_iPad.storyboard in Resources */,
				E251720C1918F96E00BBCC44 /* Images.xcassets in Resources */,
				E25172041918F96E00BBCC44 /* Main_iPhone.storyboard in Resources */,
				E25171FB1918F96E00BBCC44 /* InfoPlist.strings in Resources */,
			);
			runOnlyForDeploymentPostprocessing = 0;
		};
		E251720F1918F96E00BBCC44 /* Resources */ = {
			isa = PBXResourcesBuildPhase;
			buildActionMask = 2147483647;
			files = (
				E251721D1918F96E00BBCC44 /* InfoPlist.strings in Resources */,
			);
			runOnlyForDeploymentPostprocessing = 0;
		};
/* End PBXResourcesBuildPhase section */

/* Begin PBXSourcesBuildPhase section */
		E25171E91918F96E00BBCC44 /* Sources */ = {
			isa = PBXSourcesBuildPhase;
			buildActionMask = 2147483647;
			files = (
				E251720A1918F96E00BBCC44 /* ViewController.m in Sources */,
				E25172011918F96E00BBCC44 /* AppDelegate.m in Sources */,
				E25171FD1918F96E00BBCC44 /* main.m in Sources */,
			);
			runOnlyForDeploymentPostprocessing = 0;
		};
		E251720D1918F96E00BBCC44 /* Sources */ = {
			isa = PBXSourcesBuildPhase;
			buildActionMask = 2147483647;
			files = (
				E251721F1918F96E00BBCC44 /* HelloWorldTests.m in Sources */,
			);
			runOnlyForDeploymentPostprocessing = 0;
		};
/* End PBXSourcesBuildPhase section */

/* Begin PBXTargetDependency section */
		E25172171918F96E00BBCC44 /* PBXTargetDependency */ = {
			isa = PBXTargetDependency;
			target = E25171EC1918F96E00BBCC44 /* HelloWorld */;
			targetProxy = E25172161918F96E00BBCC44 /* PBXContainerItemProxy */;
		};
/* End PBXTargetDependency section */

/* Begin PBXVariantGroup section */
		E25171F91918F96E00BBCC44 /* InfoPlist.strings */ = {
			isa = PBXVariantGroup;
			children = (
				E25171FA1918F96E00BBCC44 /* en */,
			);
			name = InfoPlist.strings;
			sourceTree = "<group>";
		};
		E25172021918F96E00BBCC44 /* Main_iPhone.storyboard */ = {
			isa = PBXVariantGroup;
			children = (
				E25172031918F96E00BBCC44 /* Base */,
			);
			name = Main_iPhone.storyboard;
			sourceTree = "<group>";
		};
		E25172051918F96E00BBCC44 /* Main_iPad.storyboard */ = {
			isa = PBXVariantGroup;
			children = (
				E25172061918F96E00BBCC44 /* Base */,
			);
			name = Main_iPad.storyboard;
			sourceTree = "<group>";
		};
		E251721B1918F96E00BBCC44 /* InfoPlist.strings */ = {
			isa = PBXVariantGroup;
			children = (
				E251721C1918F96E00BBCC44 /* en */,
			);
			name = InfoPlist.strings;
			sourceTree = "<group>";
		};
/* End PBXVariantGroup section */

/* Begin XCBuildConfiguration section */
		E25172201918F96E00BBCC44 /* Debug */ = {
			isa = XCBuildConfiguration;
			buildSettings = {
				ALWAYS_SEARCH_USER_PATHS = NO;
				CLANG_CXX_LANGUAGE_STANDARD = "gnu++0x";
				CLANG_CXX_LIBRARY = "libc++";
				CLANG_ENABLE_MODULES = YES;
				CLANG_ENABLE_OBJC_ARC = YES;
				CLANG_WARN_BOOL_CONVERSION = YES;
				CLANG_WARN_CONSTANT_CONVERSION = YES;
				CLANG_WARN_DIRECT_OBJC_ISA_USAGE = YES_ERROR;
				CLANG_WARN_EMPTY_BODY = YES;
				CLANG_WARN_ENUM_CONVERSION = YES;
				CLANG_WARN_INT_CONVERSION = YES;
				CLANG_WARN_OBJC_ROOT_CLASS = YES_ERROR;
				CLANG_WARN__DUPLICATE_METHOD_MATCH = YES;
				"CODE_SIGN_IDENTITY[sdk=iphoneos*]" = "iPhone Developer";
				COPY_PHASE_STRIP = NO;
				GCC_C_LANGUAGE_STANDARD = gnu99;
				GCC_DYNAMIC_NO_PIC = NO;
				GCC_OPTIMIZATION_LEVEL = 0;
				GCC_PREPROCESSOR_DEFINITIONS = (
					"DEBUG=1",
					"$(inherited)",
				);
				GCC_SYMBOLS_PRIVATE_EXTERN = NO;
				GCC_WARN_64_TO_32_BIT_CONVERSION = YES;
				GCC_WARN_ABOUT_RETURN_TYPE = YES_ERROR;
				GCC_WARN_UNDECLARED_SELECTOR = YES;
				GCC_WARN_UNINITIALIZED_AUTOS = YES_AGGRESSIVE;
				GCC_WARN_UNUSED_FUNCTION = YES;
				GCC_WARN_UNUSED_VARIABLE = YES;
				IPHONEOS_DEPLOYMENT_TARGET = 7.1;
				ONLY_ACTIVE_ARCH = YES;
				SDKROOT = iphoneos;
				TARGETED_DEVICE_FAMILY = "1,2";
			};
			name = Debug;
		};
		E25172211918F96E00BBCC44 /* Release */ = {
			isa = XCBuildConfiguration;
			buildSettings = {
				ALWAYS_SEARCH_USER_PATHS = NO;
				CLANG_CXX_LANGUAGE_STANDARD = "gnu++0x";
				CLANG_CXX_LIBRARY = "libc++";
				CLANG_ENABLE_MODULES = YES;
				CLANG_ENABLE_OBJC_ARC = YES;
				CLANG_WARN_BOOL_CONVERSION = YES;
				CLANG_WARN_CONSTANT_CONVERSION = YES;
				CLANG_WARN_DIRECT_OBJC_ISA_USAGE = YES_ERROR;
				CLANG_WARN_EMPTY_BODY = YES;
				CLANG_WARN_ENUM_CONVERSION = YES;
				CLANG_WARN_INT_CONVERSION = YES;
				CLANG_WARN_OBJC_ROOT_CLASS = YES_ERROR;
				CLANG_WARN__DUPLICATE_METHOD_MATCH = YES;
				"CODE_SIGN_IDENTITY[sdk=iphoneos*]" = "iPhone Developer";
				COPY_PHASE_STRIP = YES;
				ENABLE_NS_ASSERTIONS = NO;
				GCC_C_LANGUAGE_STANDARD = gnu99;
				GCC_WARN_64_TO_32_BIT_CONVERSION = YES;
				GCC_WARN_ABOUT_RETURN_TYPE = YES_ERROR;
				GCC_WARN_UNDECLARED_SELECTOR = YES;
				GCC_WARN_UNINITIALIZED_AUTOS = YES_AGGRESSIVE;
				GCC_WARN_UNUSED_FUNCTION = YES;
				GCC_WARN_UNUSED_VARIABLE = YES;
				IPHONEOS_DEPLOYMENT_TARGET = 7.1;
				SDKROOT = iphoneos;
				TARGETED_DEVICE_FAMILY = "1,2";
				VALIDATE_PRODUCT = YES;
			};
			name = Release;
		};
		E25172231918F96E00BBCC44 /* Debug */ = {
			isa = XCBuildConfiguration;
			buildSettings = {
				ASSETCATALOG_COMPILER_APPICON_NAME = AppIcon;
				ASSETCATALOG_COMPILER_LAUNCHIMAGE_NAME = LaunchImage;
				GCC_PRECOMPILE_PREFIX_HEADER = YES;
				GCC_PREFIX_HEADER = "HelloWorld/HelloWorld-Prefix.pch";
				INFOPLIST_FILE = "HelloWorld/HelloWorld-Info.plist";
				PRODUCT_NAME = "$(TARGET_NAME)";
				WRAPPER_EXTENSION = app;
			};
			name = Debug;
		};
		E25172241918F96E00BBCC44 /* Release */ = {
			isa = XCBuildConfiguration;
			buildSettings = {
				ASSETCATALOG_COMPILER_APPICON_NAME = AppIcon;
				ASSETCATALOG_COMPILER_LAUNCHIMAGE_NAME = LaunchImage;
				GCC_PRECOMPILE_PREFIX_HEADER = YES;
				GCC_PREFIX_HEADER = "HelloWorld/HelloWorld-Prefix.pch";
				INFOPLIST_FILE = "HelloWorld/HelloWorld-Info.plist";
				PRODUCT_NAME = "$(TARGET_NAME)";
				WRAPPER_EXTENSION = app;
			};
			name = Release;
		};
		E25172261918F96E00BBCC44 /* Debug */ = {
			isa = XCBuildConfiguration;
			buildSettings = {
				BUNDLE_LOADER = "$(BUILT_PRODUCTS_DIR)/HelloWorld.app/HelloWorld";
				FRAMEWORK_SEARCH_PATHS = (
					"$(SDKROOT)/Developer/Library/Frameworks",
					"$(inherited)",
					"$(DEVELOPER_FRAMEWORKS_DIR)",
				);
				GCC_PRECOMPILE_PREFIX_HEADER = YES;
				GCC_PREFIX_HEADER = "HelloWorld/HelloWorld-Prefix.pch";
				GCC_PREPROCESSOR_DEFINITIONS = (
					"DEBUG=1",
					"$(inherited)",
				);
				INFOPLIST_FILE = "HelloWorldTests/HelloWorldTests-Info.plist";
				PRODUCT_NAME = "$(TARGET_NAME)";
				TEST_HOST = "$(BUNDLE_LOADER)";
				WRAPPER_EXTENSION = xctest;
			};
			name = Debug;
		};
		E25172271918F96E00BBCC44 /* Release */ = {
			isa = XCBuildConfiguration;
			buildSettings = {
				BUNDLE_LOADER = "$(BUILT_PRODUCTS_DIR)/HelloWorld.app/HelloWorld";
				FRAMEWORK_SEARCH_PATHS = (
					"$(SDKROOT)/Developer/Library/Frameworks",
					"$(inherited)",
					"$(DEVELOPER_FRAMEWORKS_DIR)",
				);
				GCC_PRECOMPILE_PREFIX_HEADER = YES;
				GCC_PREFIX_HEADER = "HelloWorld/HelloWorld-Prefix.pch";
				INFOPLIST_FILE = "HelloWorldTests/HelloWorldTests-Info.plist";
				PRODUCT_NAME = "$(TARGET_NAME)";
				TEST_HOST = "$(BUNDLE_LOADER)";
				WRAPPER_EXTENSION = xctest;
			};
			name = Release;
		};
/* End XCBuildConfiguration section */

/* Begin XCConfigurationList section */
		E25171E81918F96E00BBCC44 /* Build configuration list for PBXProject "HelloWorld" */ = {
			isa = XCConfigurationList;
			buildConfigurations = (
				E25172201918F96E00BBCC44 /* Debug */,
				E25172211918F96E00BBCC44 /* Release */,
			);
			defaultConfigurationIsVisible = 0;
			defaultConfigurationName = Release;
		};
		E25172221918F96E00BBCC44 /* Build configuration list for PBXNativeTarget "HelloWorld" */ = {
			isa = XCConfigurationList;
			buildConfigurations = (
				E25172231918F96E00BBCC44 /* Debug */,
				E25172241918F96E00BBCC44 /* Release */,
			);
			defaultConfigurationIsVisible = 0;
		};
		E25172251918F96E00BBCC44 /* Build configuration list for PBXNativeTarget "HelloWorldTests" */ = {
			isa = XCConfigurationList;
			buildConfigurations = (
				E25172261918F96E00BBCC44 /* Debug */,
				E25172271918F96E00BBCC44 /* Release */,
			);
			defaultConfigurationIsVisible = 0;
		};
/* End XCConfigurationList section */
	};
	rootObject = E25171E51918F96E00BBCC44 /* Project object */;
}
